
Microsoft Visual Studio Solution File, Format Version 12.00
# Visual Studio 15
VisualStudioVersion = 15.0.27428.2043
MinimumVisualStudioVersion = 10.0.40219.1
Project("{FAE04EC0-301F-11D3-BF4B-00C04F79EFBC}") = "Sandbox", "Sandbox\Sandbox.csproj", "{6832C5EE-3A90-43F6-A65D-C2B06D175B6B}"
EndProject
Global
	GlobalSection(SolutionConfigurationPlatforms) = preSolution
		Debug|Any CPU = Debug|Any CPU
		Release|Any CPU = Release|Any CPU
	EndGlobalSection
	GlobalSection(ProjectConfigurationPlatforms) = postSolution
		{6832C5EE-3A90-43F6-A65D-C2B06D175B6B}.Debug|Any CPU.ActiveCfg = Debug|Any CPU
		{6832C5EE-3A90-43F6-A65D-C2B06D175B6B}.Debug|Any CPU.Build.0 = Debug|Any CPU
		{6832C5EE-3A90-43F6-A65D-C2B06D175B6B}.Release|Any CPU.ActiveCfg = Release|Any CPU
		{6832C5EE-3A90-43F6-A65D-C2B06D175B6B}.Release|Any CPU.Build.0 = Release|Any CPU
	EndGlobalSection
	GlobalSection(SolutionProperties) = preSolution
		HideSolutionNode = FALSE
	EndGlobalSection
	GlobalSection(ExtensibilityGlobals) = postSolution
		SolutionGuid = {BA29CC9C-2C98-4ECB-885B-D1F77E65678F}
	EndGlobalSection
EndGlobal
